
Microsoft Visual Studio Solution File, Format Version 12.00
# Visual Studio Version 16
VisualStudioVersion = 16.0.30907.101
MinimumVisualStudioVersion = 10.0.40219.1
Project("{FAE04EC0-301F-11D3-BF4B-00C04F79EFBC}") = "TrimBinaryTree", "TrimBinaryTree\TrimBinaryTree.csproj", "{4CFA3BDD-F1FF-42D3-BC12-14403046291E}"
EndProject
Global
	GlobalSection(SolutionConfigurationPlatforms) = preSolution
		Debug|Any CPU = Debug|Any CPU
		Release|Any CPU = Release|Any CPU
	EndGlobalSection
	GlobalSection(ProjectConfigurationPlatforms) = postSolution
		{4CFA3BDD-F1FF-42D3-BC12-14403046291E}.Debug|Any CPU.ActiveCfg = Debug|Any CPU
		{4CFA3BDD-F1FF-42D3-BC12-14403046291E}.Debug|Any CPU.Build.0 = Debug|Any CPU
		{4CFA3BDD-F1FF-42D3-BC12-14403046291E}.Release|Any CPU.ActiveCfg = Release|Any CPU
		{4CFA3BDD-F1FF-42D3-BC12-14403046291E}.Release|Any CPU.Build.0 = Release|Any CPU
	EndGlobalSection
	GlobalSection(SolutionProperties) = preSolution
		HideSolutionNode = FALSE
	EndGlobalSection
	GlobalSection(ExtensibilityGlobals) = postSolution
		SolutionGuid = {3FC02349-8CB1-49F1-8A40-5C571CE16A7E}
	EndGlobalSection
EndGlobal
