
Microsoft Visual Studio Solution File, Format Version 12.00
# Visual Studio Version 16
VisualStudioVersion = 16.0.30907.101
MinimumVisualStudioVersion = 10.0.40219.1
Project("{FAE04EC0-301F-11D3-BF4B-00C04F79EFBC}") = "LinkedListCycle", "LinkedListCycle\LinkedListCycle.csproj", "{4DA42375-93C4-4E9E-A578-8076A69B0FAF}"
EndProject
Global
	GlobalSection(SolutionConfigurationPlatforms) = preSolution
		Debug|Any CPU = Debug|Any CPU
		Release|Any CPU = Release|Any CPU
	EndGlobalSection
	GlobalSection(ProjectConfigurationPlatforms) = postSolution
		{4DA42375-93C4-4E9E-A578-8076A69B0FAF}.Debug|Any CPU.ActiveCfg = Debug|Any CPU
		{4DA42375-93C4-4E9E-A578-8076A69B0FAF}.Debug|Any CPU.Build.0 = Debug|Any CPU
		{4DA42375-93C4-4E9E-A578-8076A69B0FAF}.Release|Any CPU.ActiveCfg = Release|Any CPU
		{4DA42375-93C4-4E9E-A578-8076A69B0FAF}.Release|Any CPU.Build.0 = Release|Any CPU
	EndGlobalSection
	GlobalSection(SolutionProperties) = preSolution
		HideSolutionNode = FALSE
	EndGlobalSection
	GlobalSection(ExtensibilityGlobals) = postSolution
		SolutionGuid = {ECE26D4B-196E-4120-B866-36512D651CC0}
	EndGlobalSection
EndGlobal
